
Microsoft Visual Studio Solution File, Format Version 12.00
# Visual Studio Version 17
VisualStudioVersion = 17.8.34525.116
MinimumVisualStudioVersion = 10.0.40219.1
Project("{FAE04EC0-301F-11D3-BF4B-00C04F79EFBC}") = "Testes_Estudos", "Testes_Estudos.csproj", "{CC2770CD-78DE-43DA-BBC5-0415A8FB1BD5}"
EndProject
Global
	GlobalSection(SolutionConfigurationPlatforms) = preSolution
		Debug|Any CPU = Debug|Any CPU
		Release|Any CPU = Release|Any CPU
	EndGlobalSection
	GlobalSection(ProjectConfigurationPlatforms) = postSolution
		{CC2770CD-78DE-43DA-BBC5-0415A8FB1BD5}.Debug|Any CPU.ActiveCfg = Debug|Any CPU
		{CC2770CD-78DE-43DA-BBC5-0415A8FB1BD5}.Debug|Any CPU.Build.0 = Debug|Any CPU
		{CC2770CD-78DE-43DA-BBC5-0415A8FB1BD5}.Release|Any CPU.ActiveCfg = Release|Any CPU
		{CC2770CD-78DE-43DA-BBC5-0415A8FB1BD5}.Release|Any CPU.Build.0 = Release|Any CPU
	EndGlobalSection
	GlobalSection(SolutionProperties) = preSolution
		HideSolutionNode = FALSE
	EndGlobalSection
	GlobalSection(ExtensibilityGlobals) = postSolution
		SolutionGuid = {0A2B6D90-D8E2-4B85-9E5C-98E8C93425F3}
	EndGlobalSection
EndGlobal
